
Microsoft Visual Studio Solution File, Format Version 12.00
# Visual Studio 2017
Project("{FAE04EC0-301F-11D3-BF4B-00C04F79EFBC}") = "Malla3DStep3", "Malla3DStep3.csproj", "{9F5BA545-A7DD-92D0-1118-ECE6818560DD}"
EndProject
Global
	GlobalSection(SolutionConfigurationPlatforms) = preSolution
		Debug|Any CPU = Debug|Any CPU
		Release|Any CPU = Release|Any CPU
	EndGlobalSection
	GlobalSection(ProjectConfigurationPlatforms) = postSolution
		{9F5BA545-A7DD-92D0-1118-ECE6818560DD}.Debug|Any CPU.ActiveCfg = Debug|Any CPU
		{9F5BA545-A7DD-92D0-1118-ECE6818560DD}.Debug|Any CPU.Build.0 = Debug|Any CPU
		{9F5BA545-A7DD-92D0-1118-ECE6818560DD}.Release|Any CPU.ActiveCfg = Release|Any CPU
		{9F5BA545-A7DD-92D0-1118-ECE6818560DD}.Release|Any CPU.Build.0 = Release|Any CPU
	EndGlobalSection
	GlobalSection(SolutionProperties) = preSolution
		HideSolutionNode = FALSE
	EndGlobalSection
EndGlobal
